
Microsoft Visual Studio Solution File, Format Version 12.00
# Visual Studio Version 16
VisualStudioVersion = 16.0.31205.134
MinimumVisualStudioVersion = 10.0.40219.1
Project("{FAE04EC0-301F-11D3-BF4B-00C04F79EFBC}") = "WEEK8APP", "WEEK8APP\WEEK8APP.csproj", "{3E7AD039-0F51-4BD4-A412-28705B34CC0B}"
EndProject
Global
	GlobalSection(SolutionConfigurationPlatforms) = preSolution
		Debug|Any CPU = Debug|Any CPU
		Release|Any CPU = Release|Any CPU
	EndGlobalSection
	GlobalSection(ProjectConfigurationPlatforms) = postSolution
		{3E7AD039-0F51-4BD4-A412-28705B34CC0B}.Debug|Any CPU.ActiveCfg = Debug|Any CPU
		{3E7AD039-0F51-4BD4-A412-28705B34CC0B}.Debug|Any CPU.Build.0 = Debug|Any CPU
		{3E7AD039-0F51-4BD4-A412-28705B34CC0B}.Release|Any CPU.ActiveCfg = Release|Any CPU
		{3E7AD039-0F51-4BD4-A412-28705B34CC0B}.Release|Any CPU.Build.0 = Release|Any CPU
	EndGlobalSection
	GlobalSection(SolutionProperties) = preSolution
		HideSolutionNode = FALSE
	EndGlobalSection
	GlobalSection(ExtensibilityGlobals) = postSolution
		SolutionGuid = {8D91DBF1-7194-418C-9EB1-92F413E39977}
	EndGlobalSection
EndGlobal
